{
  "name": "jazz-sample-generator",
  "lockfileVersion": 2,
  "requires": true,
  "packages": {
    "": {
      "dependencies": {
        "ireal-reader": "^1.3.0"
      }
    },
    "node_modules/ireal-reader": {
      "version": "1.3.0",
      "resolved": "https://registry.npmjs.org/ireal-reader/-/ireal-reader-1.3.0.tgz",
      "integrity": "sha512-S5u4dkR0vmkXQo77dwJ2Iy+yJP0Gn4mAU0g4rjAST5JjMb9FW5WbqhiaEEA8bTxedhF8g7mjDlUcEkmNOIZM5Q=="
    }
  },
  "dependencies": {
    "ireal-reader": {
      "version": "1.3.0",
      "resolved": "https://registry.npmjs.org/ireal-reader/-/ireal-reader-1.3.0.tgz",
      "integrity": "sha512-S5u4dkR0vmkXQo77dwJ2Iy+yJP0Gn4mAU0g4rjAST5JjMb9FW5WbqhiaEEA8bTxedhF8g7mjDlUcEkmNOIZM5Q=="
    }
  }
}
